
Microsoft Visual Studio Solution File, Format Version 12.00
# Visual Studio Version 16
VisualStudioVersion = 16.0.31729.503
MinimumVisualStudioVersion = 10.0.40219.1
Project("{FAE04EC0-301F-11D3-BF4B-00C04F79EFBC}") = "OOP1", "OOP1\OOP1.csproj", "{D88DAEA8-D310-4193-8303-45F86EEE72A4}"
EndProject
Global
	GlobalSection(SolutionConfigurationPlatforms) = preSolution
		Debug|Any CPU = Debug|Any CPU
		Release|Any CPU = Release|Any CPU
	EndGlobalSection
	GlobalSection(ProjectConfigurationPlatforms) = postSolution
		{D88DAEA8-D310-4193-8303-45F86EEE72A4}.Debug|Any CPU.ActiveCfg = Debug|Any CPU
		{D88DAEA8-D310-4193-8303-45F86EEE72A4}.Debug|Any CPU.Build.0 = Debug|Any CPU
		{D88DAEA8-D310-4193-8303-45F86EEE72A4}.Release|Any CPU.ActiveCfg = Release|Any CPU
		{D88DAEA8-D310-4193-8303-45F86EEE72A4}.Release|Any CPU.Build.0 = Release|Any CPU
	EndGlobalSection
	GlobalSection(SolutionProperties) = preSolution
		HideSolutionNode = FALSE
	EndGlobalSection
	GlobalSection(ExtensibilityGlobals) = postSolution
		SolutionGuid = {978D5CEC-E877-44DC-BE43-414655443870}
	EndGlobalSection
EndGlobal
